Microsoft Visual Studio Solution File, Format Version 12.00
# Visual Studio Version 17
VisualStudioVersion = 17.5.2.0
MinimumVisualStudioVersion = 10.0.40219.1
Project("{FAE04EC0-301F-11D3-BF4B-00C04F79EFBC}") = "BCBistroAPI", "BCBistroAPI.csproj", "{61BE28EE-5C3B-DE0B-3885-AB35BF7A23AB}"
EndProject
Global
	GlobalSection(SolutionConfigurationPlatforms) = preSolution
		Debug|Any CPU = Debug|Any CPU
		Release|Any CPU = Release|Any CPU
	EndGlobalSection
	GlobalSection(ProjectConfigurationPlatforms) = postSolution
		{61BE28EE-5C3B-DE0B-3885-AB35BF7A23AB}.Debug|Any CPU.ActiveCfg = Debug|Any CPU
		{61BE28EE-5C3B-DE0B-3885-AB35BF7A23AB}.Debug|Any CPU.Build.0 = Debug|Any CPU
		{61BE28EE-5C3B-DE0B-3885-AB35BF7A23AB}.Release|Any CPU.ActiveCfg = Release|Any CPU
		{61BE28EE-5C3B-DE0B-3885-AB35BF7A23AB}.Release|Any CPU.Build.0 = Release|Any CPU
	EndGlobalSection
	GlobalSection(SolutionProperties) = preSolution
		HideSolutionNode = FALSE
	EndGlobalSection
	GlobalSection(ExtensibilityGlobals) = postSolution
		SolutionGuid = {BDE700EE-B4F1-4628-9497-58775C51E9C2}
	EndGlobalSection
EndGlobal
